<Solution>
  <Project Path="clinicSystem/clinicSystem.csproj" />
  <Project Path="HotelManagementSystem/HotelManagementSystem.csproj" Id="8edd1b0c-af2d-4df1-841f-dc68fa79ecad" />
  <Project Path="LibraryManagementSystem/LibraryManagementSystem.csproj" Id="5d722974-1767-474d-b648-ac409302188b" />
</Solution>
